{
  "lockfileVersion": 1,
  "configVersion": 1,
  "workspaces": {
    "": {
      "name": "checked",
      "dependencies": {
        "bun-plugin-tailwind": "^0.1.2",
        "edge.js": "^6.4.0",
        "tailwindcss": "^4.1.18",
      },
    },
  },
  "packages": {
    "@oven/bun-darwin-aarch64": ["@oven/bun-darwin-aarch64@1.3.6", "", { "os": "darwin", "cpu": "arm64" }, "sha512-27rypIapNkYboOSylkf1tD9UW9Ado2I+P1NBL46Qz29KmOjTL6WuJ7mHDC5O66CYxlOkF5r93NPDAC3lFHYBXw=="],

    "@oven/bun-darwin-x64": ["@oven/bun-darwin-x64@1.3.6", "", { "os": "darwin", "cpu": "x64" }, "sha512-I82xGzPkBxzBKgbl8DsA0RfMQCWTWjNmLjIEkW1ECiv3qK02kHGQ5FGUr/29L/SuvnGsULW4tBTRNZiMzL37nA=="],

    "@oven/bun-darwin-x64-baseline": ["@oven/bun-darwin-x64-baseline@1.3.6", "", { "os": "darwin", "cpu": "x64" }, "sha512-nqtr+pTsHqusYpG2OZc6s+AmpWDB/FmBvstrK0y5zkti4OqnCuu7Ev2xNjS7uyb47NrAFF40pWqkpaio5XEd7w=="],

    "@oven/bun-linux-aarch64": ["@oven/bun-linux-aarch64@1.3.6", "", { "os": "linux", "cpu": "arm64" }, "sha512-YaQEAYjBanoOOtpqk/c5GGcfZIyxIIkQ2m1TbHjedRmJNwxzWBhGinSARFkrRIc3F8pRIGAopXKvJ/2rjN1LzQ=="],

    "@oven/bun-linux-aarch64-musl": ["@oven/bun-linux-aarch64-musl@1.3.6", "", { "os": "linux", "cpu": "arm64" }, "sha512-FR+iJt17rfFgYgpxL3M67AUwujOgjw52ZJzB9vElI5jQXNjTyOKf8eH4meSk4vjlYF3h/AjKYd6pmN0OIUlVKQ=="],

    "@oven/bun-linux-x64": ["@oven/bun-linux-x64@1.3.6", "", { "os": "linux", "cpu": "x64" }, "sha512-egfngj0dfJ868cf30E7B+ye9KUWSebYxOG4l9YP5eWeMXCtenpenx0zdKtAn9qxJgEJym5AN6trtlk+J6x8Lig=="],

    "@oven/bun-linux-x64-baseline": ["@oven/bun-linux-x64-baseline@1.3.6", "", { "os": "linux", "cpu": "x64" }, "sha512-jRmnX18ak8WzqLrex3siw0PoVKyIeI5AiCv4wJLgSs7VKfOqrPycfHIWfIX2jdn7ngqbHFPzI09VBKANZ4Pckg=="],

    "@oven/bun-linux-x64-musl": ["@oven/bun-linux-x64-musl@1.3.6", "", { "os": "linux", "cpu": "x64" }, "sha512-YeXcJ9K6vJAt1zSkeA21J6pTe7PgDMLTHKGI3nQBiMYnYf7Ob3K+b/ChSCznrJG7No5PCPiQPg4zTgA+BOTmSA=="],

    "@oven/bun-linux-x64-musl-baseline": ["@oven/bun-linux-x64-musl-baseline@1.3.6", "", { "os": "linux", "cpu": "x64" }, "sha512-7FjVnxnRTp/AgWqSQRT/Vt9TYmvnZ+4M+d9QOKh/Lf++wIFXFGSeAgD6bV1X/yr2UPVmZDk+xdhr2XkU7l2v3w=="],

    "@oven/bun-windows-x64": ["@oven/bun-windows-x64@1.3.6", "", { "os": "win32", "cpu": "x64" }, "sha512-Sr1KwUcbB0SEpnSPO22tNJppku2khjFluEst+mTGhxHzAGQTQncNeJxDnt3F15n+p9Q+mlcorxehd68n1siikQ=="],

    "@oven/bun-windows-x64-baseline": ["@oven/bun-windows-x64-baseline@1.3.6", "", { "os": "win32", "cpu": "x64" }, "sha512-PFUa7JL4lGoyyppeS4zqfuoXXih+gSE0XxhDMrCPVEUev0yhGNd/tbWBvcdpYnUth80owENoGjc8s5Knopv9wA=="],

    "@poppinss/exception": ["@poppinss/exception@1.2.3", "", {}, "sha512-dCED+QRChTVatE9ibtoaxc+WkdzOSjYTKi/+uacHWIsfodVfpsueo3+DKpgU5Px8qXjgmXkSvhXvSCz3fnP9lw=="],

    "@poppinss/inspect": ["@poppinss/inspect@1.0.1", "", {}, "sha512-kLeEaBSGhlleyYvKc7c9s3uE6xv7cwyulE0EgHf4jU/CL96h0yC4mkdw1wvC1l1PYYQozCGy46FwMBAAMOobCA=="],

    "@poppinss/macroable": ["@poppinss/macroable@1.1.0", "", {}, "sha512-y/YKzZDuG8XrpXpM7Z1RdQpiIc0MAKyva24Ux1PB4aI7RiSI/79K8JVDcdyubriTm7vJ1LhFs8CrZpmPnx/8Pw=="],

    "@poppinss/object-builder": ["@poppinss/object-builder@1.1.0", "", {}, "sha512-FOrOq52l7u8goR5yncX14+k+Ewi5djnrt1JwXeS/FvnwAPOiveFhiczCDuvXdssAwamtrV2hp5Rw9v+n2T7hQg=="],

    "@poppinss/string": ["@poppinss/string@1.7.1", "", { "dependencies": { "@types/pluralize": "^0.0.33", "case-anything": "^3.1.2", "pluralize": "^8.0.0", "slugify": "^1.6.6" } }, "sha512-OrLzv/nGDU6l6dLXIQHe8nbNSWWfuSbpB/TW5nRpZFf49CLuQlIHlSPN9IdSUv2vG+59yGM6LoibsaHn8B8mDw=="],

    "@poppinss/types": ["@poppinss/types@1.2.1", "", {}, "sha512-qUYnzl0m9HJTWsXtr8Xo7CwDx6wcjrvo14bOVbIMIlKJCzKrm3LX55dRTDr1/x4PpSvKVgmxvC6Ly2YiqXKOvQ=="],

    "@poppinss/utils": ["@poppinss/utils@7.0.0-next.6", "", { "dependencies": { "@poppinss/exception": "^1.2.3", "@poppinss/object-builder": "^1.1.0", "@poppinss/string": "^1.7.1", "@poppinss/types": "^1.2.1", "flattie": "^1.1.1" } }, "sha512-1OQDbCKmFROvWpmzvkQV/mCzBXSwhED8SJfJ0HiYKiLNEqYM8Kpa4EK0AfmXGQc+DdIj6eqib/vT8i5tJ2fatw=="],

    "@types/pluralize": ["@types/pluralize@0.0.33", "", {}, "sha512-JOqsl+ZoCpP4e8TDke9W79FDcSgPAR0l6pixx2JHkhnRjvShyYiAYw2LVsnA7K08Y6DeOnaU6ujmENO4os/cYg=="],

    "acorn": ["acorn@8.15.0", "", { "bin": { "acorn": "bin/acorn" } }, "sha512-NZyJarBfL7nWwIq+FDL6Zp/yHEhePMNnnJ0y3qfieCrmNvYct8uvtiV41UvlSe6apAfk0fY1FbWx+NwfmpvtTg=="],

    "astring": ["astring@1.9.0", "", { "bin": { "astring": "bin/astring" } }, "sha512-LElXdjswlqjWrPpJFg1Fx4wpkOCxj1TDHlSV4PlaRxHGWko024xICaa97ZkMfs6DRKlCguiAI+rbXv5GWwXIkg=="],

    "bun": ["bun@1.3.6", "", { "optionalDependencies": { "@oven/bun-darwin-aarch64": "1.3.6", "@oven/bun-darwin-x64": "1.3.6", "@oven/bun-darwin-x64-baseline": "1.3.6", "@oven/bun-linux-aarch64": "1.3.6", "@oven/bun-linux-aarch64-musl": "1.3.6", "@oven/bun-linux-x64": "1.3.6", "@oven/bun-linux-x64-baseline": "1.3.6", "@oven/bun-linux-x64-musl": "1.3.6", "@oven/bun-linux-x64-musl-baseline": "1.3.6", "@oven/bun-windows-x64": "1.3.6", "@oven/bun-windows-x64-baseline": "1.3.6" }, "os": [ "linux", "win32", "darwin", ], "cpu": [ "x64", "arm64", ], "bin": { "bun": "bin/bun.exe", "bunx": "bin/bunx.exe" } }, "sha512-Tn98GlZVN2WM7+lg/uGn5DzUao37Yc0PUz7yzYHdeF5hd+SmHQGbCUIKE4Sspdgtxn49LunK3mDNBC2Qn6GJjw=="],

    "bun-plugin-tailwind": ["bun-plugin-tailwind@0.1.2", "", { "peerDependencies": { "bun": ">=1.0.0" } }, "sha512-41jNC1tZRSK3s1o7pTNrLuQG8kL/0vR/JgiTmZAJ1eHwe0w5j6HFPKeqEk0WAD13jfrUC7+ULuewFBBCoADPpg=="],

    "case-anything": ["case-anything@3.1.2", "", {}, "sha512-wljhAjDDIv/hM2FzgJnYQg90AWmZMNtESCjTeLH680qTzdo0nErlCxOmgzgX4ZsZAtIvqHyD87ES8QyriXB+BQ=="],

    "edge-error": ["edge-error@4.0.2", "", {}, "sha512-jB76VYn8wapDHKHSOmP3vbKLoa77RJYsTLNmfl8+cuCD69uxZtP3h+kqV+Prw/YkYmN7yHyp4IApE15pDByk0A=="],

    "edge-lexer": ["edge-lexer@6.0.4", "", { "dependencies": { "edge-error": "^4.0.2" } }, "sha512-rHlTSZUQfBu/fwnAjoaLCGGmDzpRPgUC8FEqNdJtpPEjBRCqU3a4Le7iJ8KSQfY2WvWx6NTGAwti62xj3eIz1w=="],

    "edge-parser": ["edge-parser@9.1.0", "", { "dependencies": { "acorn": "^8.15.0", "astring": "^1.9.0", "edge-error": "^4.0.2", "edge-lexer": "^6.0.4", "js-stringify": "^1.0.2" } }, "sha512-Z7sEbRNjjGuUVch3ELHMbjgksVjQlAjUASCwUWe+1I+nJ0mVBmUD2rn6zyes/+EjLssvEGQcIWMjLMNn1ChXgQ=="],

    "edge.js": ["edge.js@6.4.0", "", { "dependencies": { "@poppinss/inspect": "^1.0.1", "@poppinss/macroable": "^1.1.0", "@poppinss/utils": "^7.0.0-next.4", "edge-error": "^4.0.2", "edge-lexer": "^6.0.4", "edge-parser": "^9.0.4", "he": "^1.2.0", "property-information": "^7.1.0", "stringify-attributes": "^4.0.0" } }, "sha512-c19PeUKrADqu+XBr8wSKdjqW/L65xiEfBMh9nbTx6ieF3SV7Ajb3PdfvrYPuLnobgs/bwtem1+InYVFSaWPc1A=="],

    "escape-goat": ["escape-goat@4.0.0", "", {}, "sha512-2Sd4ShcWxbx6OY1IHyla/CVNwvg7XwZVoXZHcSu9w9SReNP1EzzD5T8NWKIR38fIqEns9kDWKUQTXXAmlDrdPg=="],

    "flattie": ["flattie@1.1.1", "", {}, "sha512-9UbaD6XdAL97+k/n+N7JwX46K/M6Zc6KcFYskrYL8wbBV/Uyk0CTAMY0VT+qiK5PM7AIc9aTWYtq65U7T+aCNQ=="],

    "he": ["he@1.2.0", "", { "bin": { "he": "bin/he" } }, "sha512-F/1DnUGPopORZi0ni+CvrCgHQ5FyEAHRLSApuYWMmrbSwoN2Mn/7k+Gl38gJnR7yyDZk6WLXwiGod1JOWNDKGw=="],

    "js-stringify": ["js-stringify@1.0.2", "", {}, "sha512-rtS5ATOo2Q5k1G+DADISilDA6lv79zIiwFd6CcjuIxGKLFm5C+RLImRscVap9k55i+MOZwgliw+NejvkLuGD5g=="],

    "pluralize": ["pluralize@8.0.0", "", {}, "sha512-Nc3IT5yHzflTfbjgqWcCPpo7DaKy4FnpB0l/zCAW0Tc7jxAiuqSxHasntB3D7887LSrA93kDJ9IXovxJYxyLCA=="],

    "property-information": ["property-information@7.1.0", "", {}, "sha512-TwEZ+X+yCJmYfL7TPUOcvBZ4QfoT5YenQiJuX//0th53DE6w0xxLEtfK3iyryQFddXuvkIk51EEgrJQ0WJkOmQ=="],

    "slugify": ["slugify@1.6.6", "", {}, "sha512-h+z7HKHYXj6wJU+AnS/+IH8Uh9fdcX1Lrhg1/VMdf9PwoBQXFcXiAdsy2tSK0P6gKwJLXp02r90ahUCqHk9rrw=="],

    "stringify-attributes": ["stringify-attributes@4.0.0", "", { "dependencies": { "escape-goat": "^4.0.0" } }, "sha512-6Hq3K153wTTfhEHb4V/viuqmb0DRn08JCrRnmqc4Q/tmoNuvd4DEyqkiiJXtvVz8ZSUhlCQr7zCpCVTgrelesg=="],

    "tailwindcss": ["tailwindcss@4.1.18", "", {}, "sha512-4+Z+0yiYyEtUVCScyfHCxOYP06L5Ne+JiHhY2IjR2KWMIWhJOYZKLSGZaP5HkZ8+bY0cxfzwDE5uOmzFXyIwxw=="],
  }
}
